
Microsoft Visual Studio Solution File, Format Version 12.00
# Visual Studio Version 16
VisualStudioVersion = 16.0.31729.503
MinimumVisualStudioVersion = 10.0.40219.1
Project("{FAE04EC0-301F-11D3-BF4B-00C04F79EFBC}") = "Week 6", "Week 6\Week 6.csproj", "{A839C3E3-C4E9-4FD5-B3C6-00B5098010B1}"
EndProject
Global
	GlobalSection(SolutionConfigurationPlatforms) = preSolution
		Debug|Any CPU = Debug|Any CPU
		Release|Any CPU = Release|Any CPU
	EndGlobalSection
	GlobalSection(ProjectConfigurationPlatforms) = postSolution
		{A839C3E3-C4E9-4FD5-B3C6-00B5098010B1}.Debug|Any CPU.ActiveCfg = Debug|Any CPU
		{A839C3E3-C4E9-4FD5-B3C6-00B5098010B1}.Debug|Any CPU.Build.0 = Debug|Any CPU
		{A839C3E3-C4E9-4FD5-B3C6-00B5098010B1}.Release|Any CPU.ActiveCfg = Release|Any CPU
		{A839C3E3-C4E9-4FD5-B3C6-00B5098010B1}.Release|Any CPU.Build.0 = Release|Any CPU
	EndGlobalSection
	GlobalSection(SolutionProperties) = preSolution
		HideSolutionNode = FALSE
	EndGlobalSection
	GlobalSection(ExtensibilityGlobals) = postSolution
		SolutionGuid = {41D6F5B3-A0BA-42F5-991A-85BDF34D0A97}
	EndGlobalSection
EndGlobal
